Microsoft Visual Studio Solution File, Format Version 12.00
# Visual Studio Version 17
VisualStudioVersion = 17.8.34408.163
MinimumVisualStudioVersion = 10.0.40219.1
Project("{9A19103F-16F7-4668-BE54-9A1E7A4F7556}") = "FlarmTerminal", "FlarmTerminal\FlarmTerminal.csproj", "{295012F7-DA21-40F3-9BE4-B2755C6234DD}"
EndProject
Project("{9A19103F-16F7-4668-BE54-9A1E7A4F7556}") = "FlarmMessageParser", "FlarmMessageParser\FlarmMessageParser.csproj", "{5313205B-9D8D-498D-902B-2CCC03F52B45}"
EndProject
Project("{FAE04EC0-301F-11D3-BF4B-00C04F79EFBC}") = "UCNLNMEA", "UCNLNMEA\UCNLNMEA.csproj", "{B3A1D2EE-F187-4604-8A5C-16920D5DF5E5}"
EndProject
Project("{FAE04EC0-301F-11D3-BF4B-00C04F79EFBC}") = "FlarmProperties", "FlarmProperties\FlarmProperties.csproj", "{7AE7E569-8047-452A-B231-7E1BB352A2A1}"
EndProject
Global
	GlobalSection(SolutionConfigurationPlatforms) = preSolution
		Debug|Any CPU = Debug|Any CPU
		Release|Any CPU = Release|Any CPU
	EndGlobalSection
	GlobalSection(ProjectConfigurationPlatforms) = postSolution
		{295012F7-DA21-40F3-9BE4-B2755C6234DD}.Debug|Any CPU.ActiveCfg = Debug|Any CPU
		{295012F7-DA21-40F3-9BE4-B2755C6234DD}.Debug|Any CPU.Build.0 = Debug|Any CPU
		{295012F7-DA21-40F3-9BE4-B2755C6234DD}.Release|Any CPU.ActiveCfg = Release|Any CPU
		{295012F7-DA21-40F3-9BE4-B2755C6234DD}.Release|Any CPU.Build.0 = Release|Any CPU
		{5313205B-9D8D-498D-902B-2CCC03F52B45}.Debug|Any CPU.ActiveCfg = Debug|Any CPU
		{5313205B-9D8D-498D-902B-2CCC03F52B45}.Debug|Any CPU.Build.0 = Debug|Any CPU
		{5313205B-9D8D-498D-902B-2CCC03F52B45}.Release|Any CPU.ActiveCfg = Release|Any CPU
		{5313205B-9D8D-498D-902B-2CCC03F52B45}.Release|Any CPU.Build.0 = Release|Any CPU
		{B3A1D2EE-F187-4604-8A5C-16920D5DF5E5}.Debug|Any CPU.ActiveCfg = Debug|Any CPU
		{B3A1D2EE-F187-4604-8A5C-16920D5DF5E5}.Debug|Any CPU.Build.0 = Debug|Any CPU
		{B3A1D2EE-F187-4604-8A5C-16920D5DF5E5}.Release|Any CPU.ActiveCfg = Release|Any CPU
		{B3A1D2EE-F187-4604-8A5C-16920D5DF5E5}.Release|Any CPU.Build.0 = Release|Any CPU
		{7AE7E569-8047-452A-B231-7E1BB352A2A1}.Debug|Any CPU.ActiveCfg = Debug|Any CPU
		{7AE7E569-8047-452A-B231-7E1BB352A2A1}.Debug|Any CPU.Build.0 = Debug|Any CPU
		{7AE7E569-8047-452A-B231-7E1BB352A2A1}.Release|Any CPU.ActiveCfg = Release|Any CPU
		{7AE7E569-8047-452A-B231-7E1BB352A2A1}.Release|Any CPU.Build.0 = Release|Any CPU
	EndGlobalSection
	GlobalSection(SolutionProperties) = preSolution
		HideSolutionNode = FALSE
	EndGlobalSection
	GlobalSection(ExtensibilityGlobals) = postSolution
		SolutionGuid = {1209F9DF-B004-4333-9E8B-B785F306C93C}
	EndGlobalSection
EndGlobal
